
Microsoft Visual Studio Solution File, Format Version 12.00
# Visual Studio Version 17
VisualStudioVersion = 17.5.002.0
MinimumVisualStudioVersion = 10.0.40219.1
Project("{9A19103F-16F7-4668-BE54-9A1E7A4F7556}") = "HeroLevel", "HeroLevel.csproj", "{5348C4CA-B907-473B-B1BC-6AAB138AF286}"
EndProject
Global
	GlobalSection(SolutionConfigurationPlatforms) = preSolution
		Debug|Any CPU = Debug|Any CPU
		Release|Any CPU = Release|Any CPU
	EndGlobalSection
	GlobalSection(ProjectConfigurationPlatforms) = postSolution
		{5348C4CA-B907-473B-B1BC-6AAB138AF286}.Debug|Any CPU.ActiveCfg = Debug|Any CPU
		{5348C4CA-B907-473B-B1BC-6AAB138AF286}.Debug|Any CPU.Build.0 = Debug|Any CPU
		{5348C4CA-B907-473B-B1BC-6AAB138AF286}.Release|Any CPU.ActiveCfg = Release|Any CPU
		{5348C4CA-B907-473B-B1BC-6AAB138AF286}.Release|Any CPU.Build.0 = Release|Any CPU
	EndGlobalSection
	GlobalSection(SolutionProperties) = preSolution
		HideSolutionNode = FALSE
	EndGlobalSection
	GlobalSection(ExtensibilityGlobals) = postSolution
		SolutionGuid = {412058B3-ED9B-44F8-8F77-9E58793EF4C1}
	EndGlobalSection
EndGlobal
